
Microsoft Visual Studio Solution File, Format Version 12.00
# Visual Studio Version 16
VisualStudioVersion = 16.0.35425.106
MinimumVisualStudioVersion = 10.0.40219.1
Project("{FAE04EC0-301F-11D3-BF4B-00C04F79EFBC}") = "Mca_Student_Form", "Mca_Student_Form\Mca_Student_Form.csproj", "{84521B39-4040-4D62-9DEC-C6EC8FA9BF65}"
EndProject
Global
	GlobalSection(SolutionConfigurationPlatforms) = preSolution
		Debug|Any CPU = Debug|Any CPU
		Release|Any CPU = Release|Any CPU
	EndGlobalSection
	GlobalSection(ProjectConfigurationPlatforms) = postSolution
		{84521B39-4040-4D62-9DEC-C6EC8FA9BF65}.Debug|Any CPU.ActiveCfg = Debug|Any CPU
		{84521B39-4040-4D62-9DEC-C6EC8FA9BF65}.Debug|Any CPU.Build.0 = Debug|Any CPU
		{84521B39-4040-4D62-9DEC-C6EC8FA9BF65}.Release|Any CPU.ActiveCfg = Release|Any CPU
		{84521B39-4040-4D62-9DEC-C6EC8FA9BF65}.Release|Any CPU.Build.0 = Release|Any CPU
	EndGlobalSection
	GlobalSection(SolutionProperties) = preSolution
		HideSolutionNode = FALSE
	EndGlobalSection
	GlobalSection(ExtensibilityGlobals) = postSolution
		SolutionGuid = {95CEA55A-E5E9-4E22-9156-FE84B3F2731F}
	EndGlobalSection
EndGlobal
