
Microsoft Visual Studio Solution File, Format Version 12.00
# Visual Studio Version 16
VisualStudioVersion = 16.0.35425.106
MinimumVisualStudioVersion = 10.0.40219.1
Project("{FAE04EC0-301F-11D3-BF4B-00C04F79EFBC}") = "Program17", "Program17.csproj", "{4A265EAB-8CCB-4E11-B481-C2C3F5729659}"
EndProject
Global
	GlobalSection(SolutionConfigurationPlatforms) = preSolution
		Debug|Any CPU = Debug|Any CPU
		Release|Any CPU = Release|Any CPU
	EndGlobalSection
	GlobalSection(ProjectConfigurationPlatforms) = postSolution
		{4A265EAB-8CCB-4E11-B481-C2C3F5729659}.Debug|Any CPU.ActiveCfg = Debug|Any CPU
		{4A265EAB-8CCB-4E11-B481-C2C3F5729659}.Debug|Any CPU.Build.0 = Debug|Any CPU
		{4A265EAB-8CCB-4E11-B481-C2C3F5729659}.Release|Any CPU.ActiveCfg = Release|Any CPU
		{4A265EAB-8CCB-4E11-B481-C2C3F5729659}.Release|Any CPU.Build.0 = Release|Any CPU
	EndGlobalSection
	GlobalSection(SolutionProperties) = preSolution
		HideSolutionNode = FALSE
	EndGlobalSection
	GlobalSection(ExtensibilityGlobals) = postSolution
		SolutionGuid = {D8D13094-2365-410B-87E9-EE43D8FA7FDD}
	EndGlobalSection
EndGlobal
