
Microsoft Visual Studio Solution File, Format Version 12.00
# Visual Studio Version 16
VisualStudioVersion = 16.0.35425.106
MinimumVisualStudioVersion = 10.0.40219.1
Project("{FAE04EC0-301F-11D3-BF4B-00C04F79EFBC}") = "Program14", "Program14\Program14.csproj", "{F5A4FFD2-E373-4D62-A454-9E15BB0B0A24}"
EndProject
Global
	GlobalSection(SolutionConfigurationPlatforms) = preSolution
		Debug|Any CPU = Debug|Any CPU
		Release|Any CPU = Release|Any CPU
	EndGlobalSection
	GlobalSection(ProjectConfigurationPlatforms) = postSolution
		{F5A4FFD2-E373-4D62-A454-9E15BB0B0A24}.Debug|Any CPU.ActiveCfg = Debug|Any CPU
		{F5A4FFD2-E373-4D62-A454-9E15BB0B0A24}.Debug|Any CPU.Build.0 = Debug|Any CPU
		{F5A4FFD2-E373-4D62-A454-9E15BB0B0A24}.Release|Any CPU.ActiveCfg = Release|Any CPU
		{F5A4FFD2-E373-4D62-A454-9E15BB0B0A24}.Release|Any CPU.Build.0 = Release|Any CPU
	EndGlobalSection
	GlobalSection(SolutionProperties) = preSolution
		HideSolutionNode = FALSE
	EndGlobalSection
	GlobalSection(ExtensibilityGlobals) = postSolution
		SolutionGuid = {A0D65EBC-0806-439E-BF43-6781CC82DB52}
	EndGlobalSection
EndGlobal
