
Microsoft Visual Studio Solution File, Format Version 12.00
# Visual Studio Version 16
VisualStudioVersion = 16.0.35425.106
MinimumVisualStudioVersion = 10.0.40219.1
Project("{FAE04EC0-301F-11D3-BF4B-00C04F79EFBC}") = "Progran07", "Progran07\Progran07.csproj", "{FE156B8A-457D-4C71-93CD-2F65CAD31AD1}"
EndProject
Global
	GlobalSection(SolutionConfigurationPlatforms) = preSolution
		Debug|Any CPU = Debug|Any CPU
		Release|Any CPU = Release|Any CPU
	EndGlobalSection
	GlobalSection(ProjectConfigurationPlatforms) = postSolution
		{FE156B8A-457D-4C71-93CD-2F65CAD31AD1}.Debug|Any CPU.ActiveCfg = Debug|Any CPU
		{FE156B8A-457D-4C71-93CD-2F65CAD31AD1}.Debug|Any CPU.Build.0 = Debug|Any CPU
		{FE156B8A-457D-4C71-93CD-2F65CAD31AD1}.Release|Any CPU.ActiveCfg = Release|Any CPU
		{FE156B8A-457D-4C71-93CD-2F65CAD31AD1}.Release|Any CPU.Build.0 = Release|Any CPU
	EndGlobalSection
	GlobalSection(SolutionProperties) = preSolution
		HideSolutionNode = FALSE
	EndGlobalSection
	GlobalSection(ExtensibilityGlobals) = postSolution
		SolutionGuid = {2D59DFC8-FC78-423A-AB09-4E0D50BB3F31}
	EndGlobalSection
EndGlobal
