
Microsoft Visual Studio Solution File, Format Version 12.00
# Visual Studio Version 16
VisualStudioVersion = 16.0.35425.106
MinimumVisualStudioVersion = 10.0.40219.1
Project("{FAE04EC0-301F-11D3-BF4B-00C04F79EFBC}") = "Practise02", "Practise02\Practise02.csproj", "{D3AFFDBE-2ECA-4420-B173-EAF07E75131F}"
EndProject
Global
	GlobalSection(SolutionConfigurationPlatforms) = preSolution
		Debug|Any CPU = Debug|Any CPU
		Release|Any CPU = Release|Any CPU
	EndGlobalSection
	GlobalSection(ProjectConfigurationPlatforms) = postSolution
		{D3AFFDBE-2ECA-4420-B173-EAF07E75131F}.Debug|Any CPU.ActiveCfg = Debug|Any CPU
		{D3AFFDBE-2ECA-4420-B173-EAF07E75131F}.Debug|Any CPU.Build.0 = Debug|Any CPU
		{D3AFFDBE-2ECA-4420-B173-EAF07E75131F}.Release|Any CPU.ActiveCfg = Release|Any CPU
		{D3AFFDBE-2ECA-4420-B173-EAF07E75131F}.Release|Any CPU.Build.0 = Release|Any CPU
	EndGlobalSection
	GlobalSection(SolutionProperties) = preSolution
		HideSolutionNode = FALSE
	EndGlobalSection
	GlobalSection(ExtensibilityGlobals) = postSolution
		SolutionGuid = {1BC8870F-7287-4888-89BF-4089E25C6B40}
	EndGlobalSection
EndGlobal
