
Microsoft Visual Studio Solution File, Format Version 12.00
# Visual Studio Version 16
VisualStudioVersion = 16.0.35425.106
MinimumVisualStudioVersion = 10.0.40219.1
Project("{FAE04EC0-301F-11D3-BF4B-00C04F79EFBC}") = "Employee_Information_App", "Employee_Information_App\Employee_Information_App.csproj", "{1C9A0F55-A44F-47EA-A2C2-767934BBEF25}"
EndProject
Global
	GlobalSection(SolutionConfigurationPlatforms) = preSolution
		Debug|Any CPU = Debug|Any CPU
		Release|Any CPU = Release|Any CPU
	EndGlobalSection
	GlobalSection(ProjectConfigurationPlatforms) = postSolution
		{1C9A0F55-A44F-47EA-A2C2-767934BBEF25}.Debug|Any CPU.ActiveCfg = Debug|Any CPU
		{1C9A0F55-A44F-47EA-A2C2-767934BBEF25}.Debug|Any CPU.Build.0 = Debug|Any CPU
		{1C9A0F55-A44F-47EA-A2C2-767934BBEF25}.Release|Any CPU.ActiveCfg = Release|Any CPU
		{1C9A0F55-A44F-47EA-A2C2-767934BBEF25}.Release|Any CPU.Build.0 = Release|Any CPU
	EndGlobalSection
	GlobalSection(SolutionProperties) = preSolution
		HideSolutionNode = FALSE
	EndGlobalSection
	GlobalSection(ExtensibilityGlobals) = postSolution
		SolutionGuid = {46F40316-42EB-4BBC-8F50-30B81D501ADC}
	EndGlobalSection
EndGlobal
