
Microsoft Visual Studio Solution File, Format Version 12.00
# Visual Studio Version 16
VisualStudioVersion = 16.0.35425.106
MinimumVisualStudioVersion = 10.0.40219.1
Project("{FAE04EC0-301F-11D3-BF4B-00C04F79EFBC}") = "program12", "program12\program12.csproj", "{EA2A3968-0BD9-4F86-9752-C8983B28A5FA}"
EndProject
Global
	GlobalSection(SolutionConfigurationPlatforms) = preSolution
		Debug|Any CPU = Debug|Any CPU
		Release|Any CPU = Release|Any CPU
	EndGlobalSection
	GlobalSection(ProjectConfigurationPlatforms) = postSolution
		{EA2A3968-0BD9-4F86-9752-C8983B28A5FA}.Debug|Any CPU.ActiveCfg = Debug|Any CPU
		{EA2A3968-0BD9-4F86-9752-C8983B28A5FA}.Debug|Any CPU.Build.0 = Debug|Any CPU
		{EA2A3968-0BD9-4F86-9752-C8983B28A5FA}.Release|Any CPU.ActiveCfg = Release|Any CPU
		{EA2A3968-0BD9-4F86-9752-C8983B28A5FA}.Release|Any CPU.Build.0 = Release|Any CPU
	EndGlobalSection
	GlobalSection(SolutionProperties) = preSolution
		HideSolutionNode = FALSE
	EndGlobalSection
	GlobalSection(ExtensibilityGlobals) = postSolution
		SolutionGuid = {A8605C18-7F63-4DC9-A380-1296EBE26CB4}
	EndGlobalSection
EndGlobal
